
Microsoft Visual Studio Solution File, Format Version 12.00
# Visual Studio Version 17
VisualStudioVersion = 17.7.34031.279
MinimumVisualStudioVersion = 10.0.40219.1
Project("{FAE04EC0-301F-11D3-BF4B-00C04F79EFBC}") = "EFCoreDistributedSQLServerCache", "EFCoreDistributedSQLServerCache\EFCoreDistributedSQLServerCache.csproj", "{BC4B41BB-75A1-44B2-8ACF-7768ED2F4778}"
EndProject
Global
	GlobalSection(SolutionConfigurationPlatforms) = preSolution
		Debug|Any CPU = Debug|Any CPU
		Release|Any CPU = Release|Any CPU
	EndGlobalSection
	GlobalSection(ProjectConfigurationPlatforms) = postSolution
		{BC4B41BB-75A1-44B2-8ACF-7768ED2F4778}.Debug|Any CPU.ActiveCfg = Debug|Any CPU
		{BC4B41BB-75A1-44B2-8ACF-7768ED2F4778}.Debug|Any CPU.Build.0 = Debug|Any CPU
		{BC4B41BB-75A1-44B2-8ACF-7768ED2F4778}.Release|Any CPU.ActiveCfg = Release|Any CPU
		{BC4B41BB-75A1-44B2-8ACF-7768ED2F4778}.Release|Any CPU.Build.0 = Release|Any CPU
	EndGlobalSection
	GlobalSection(SolutionProperties) = preSolution
		HideSolutionNode = FALSE
	EndGlobalSection
	GlobalSection(ExtensibilityGlobals) = postSolution
		SolutionGuid = {3FBAB1CB-078C-42A3-9795-3A36E0FA79B3}
	EndGlobalSection
EndGlobal
